{
  "name": "@hvm/cli",
  "version": "0.0.7",
  "lockfileVersion": 1,
  "requires": true,
  "dependencies": {
    "@hvm/assemble": {
      "version": "0.0.7",
      "resolved": "https://registry.npmjs.org/@hvm/assemble/-/assemble-0.0.7.tgz",
      "integrity": "sha512-mog0avjamZkMYr6Ox42dwbcKJiwxzlM2wVZMZ8gn1H8mdEDnAj1oDtSzFnETwgfl4oiB0AoO6rTSAZ+vWiCShA==",
      "requires": {
        "@hvm/convert": "0.0.5"
      }
    },
    "@hvm/convert": {
      "version": "0.0.5",
      "resolved": "https://registry.npmjs.org/@hvm/convert/-/convert-0.0.5.tgz",
      "integrity": "sha512-nLk2g+FR8PLWLYOeCNK7YTxj/1dfI+wW8RgGTGBdF0EPNgGZGD45vWEWOa9G4E0ppgo1wVPcgijO0AdOnBGdfQ=="
    },
    "minimist": {
      "version": "1.2.0",
      "resolved": "https://registry.npmjs.org/minimist/-/minimist-1.2.0.tgz",
      "integrity": "sha1-o1AIsg9BOD7sH7kU9M1d95omQoQ="
    }
  }
}
