{
  "name": "@hvm/cli",
  "version": "0.0.14",
  "lockfileVersion": 1,
  "requires": true,
  "dependencies": {
    "@hvm/assemble": {
      "version": "0.0.14",
      "resolved": "https://registry.npmjs.org/@hvm/assemble/-/assemble-0.0.14.tgz",
      "integrity": "sha512-p7ouv7ZDOqsv9wo7e1sqWgCzgsgcaP83VQFWvkRuO9wutw1EqZso9zwG24KapjooXCGtLYXCNW38/6tCp/sTFA==",
      "requires": {
        "@hvm/convert": "^0.0.12",
        "@hvm/definitions": "^0.0.14"
      }
    },
    "@hvm/convert": {
      "version": "0.0.12",
      "resolved": "https://registry.npmjs.org/@hvm/convert/-/convert-0.0.12.tgz",
      "integrity": "sha512-WecKk6F9gQPoi4ydyWF5vgxx1BJJe1RymyL4mbUaKEKMJFR0jY7fH1b/4OHonSBKsxdfHjDu4TTEnWf6rwj81A=="
    },
    "@hvm/definitions": {
      "version": "0.0.14",
      "resolved": "https://registry.npmjs.org/@hvm/definitions/-/definitions-0.0.14.tgz",
      "integrity": "sha512-Vz3VOunwDvhxQf3F2DZKsTpe38womCAMg9leXwPtVJGUf2SbW6DmplJvQuRNouJDIEOdQWMYjk2h4RqCNMzpCw=="
    },
    "minimist": {
      "version": "1.2.2",
      "resolved": "https://registry.npmjs.org/minimist/-/minimist-1.2.2.tgz",
      "integrity": "sha512-rIqbOrKb8GJmx/5bc2M0QchhUouMXSpd1RTclXsB41JdL+VtnojfaJR+h7F9k18/4kHUsBFgk80Uk+q569vjPA=="
    }
  }
}
